
Microsoft Visual Studio Solution File, Format Version 12.00
# Visual Studio Version 16
VisualStudioVersion = 16.0.28803.156
MinimumVisualStudioVersion = 10.0.40219.1
Project("{2150E333-8FDC-42A3-9474-1A3956D46DE8}") = "src", "src", "{FD3E4480-8543-40E9-A989-B7BA93B6C15C}"
EndProject
Project("{2150E333-8FDC-42A3-9474-1A3956D46DE8}") = "tests", "tests", "{A9E4781B-3632-4BFB-A7B4-6D6855C671D1}"
EndProject
Project("{9A19103F-16F7-4668-BE54-9A1E7A4F7556}") = "Zoo.Captcha.Web", "src\Zoo.Captcha.Web\Zoo.Captcha.Web.csproj", "{CAF41D27-DCDE-457F-8F59-BECF0D850CA2}"
EndProject
Project("{9A19103F-16F7-4668-BE54-9A1E7A4F7556}") = "Zoo.CaptchaCore", "src\Zoo.CaptchaCore\Zoo.CaptchaCore.csproj", "{532FBE60-A217-4CFB-813D-77D589D3DBD2}"
EndProject
Global
	GlobalSection(SolutionConfigurationPlatforms) = preSolution
		Debug|Any CPU = Debug|Any CPU
		Release|Any CPU = Release|Any CPU
	EndGlobalSection
	GlobalSection(ProjectConfigurationPlatforms) = postSolution
		{CAF41D27-DCDE-457F-8F59-BECF0D850CA2}.Debug|Any CPU.ActiveCfg = Debug|Any CPU
		{CAF41D27-DCDE-457F-8F59-BECF0D850CA2}.Debug|Any CPU.Build.0 = Debug|Any CPU
		{CAF41D27-DCDE-457F-8F59-BECF0D850CA2}.Release|Any CPU.ActiveCfg = Release|Any CPU
		{CAF41D27-DCDE-457F-8F59-BECF0D850CA2}.Release|Any CPU.Build.0 = Release|Any CPU
		{532FBE60-A217-4CFB-813D-77D589D3DBD2}.Debug|Any CPU.ActiveCfg = Debug|Any CPU
		{532FBE60-A217-4CFB-813D-77D589D3DBD2}.Debug|Any CPU.Build.0 = Debug|Any CPU
		{532FBE60-A217-4CFB-813D-77D589D3DBD2}.Release|Any CPU.ActiveCfg = Release|Any CPU
		{532FBE60-A217-4CFB-813D-77D589D3DBD2}.Release|Any CPU.Build.0 = Release|Any CPU
	EndGlobalSection
	GlobalSection(SolutionProperties) = preSolution
		HideSolutionNode = FALSE
	EndGlobalSection
	GlobalSection(NestedProjects) = preSolution
		{CAF41D27-DCDE-457F-8F59-BECF0D850CA2} = {FD3E4480-8543-40E9-A989-B7BA93B6C15C}
		{532FBE60-A217-4CFB-813D-77D589D3DBD2} = {FD3E4480-8543-40E9-A989-B7BA93B6C15C}
	EndGlobalSection
	GlobalSection(ExtensibilityGlobals) = postSolution
		SolutionGuid = {4ACBE380-4C65-4936-B44C-1CBBF6B72CB2}
	EndGlobalSection
EndGlobal
