
Microsoft Visual Studio Solution File, Format Version 12.00
# Visual Studio 15
VisualStudioVersion = 15.0.28307.489
MinimumVisualStudioVersion = 10.0.40219.1
Project("{2150E333-8FDC-42A3-9474-1A3956D46DE8}") = "src", "src", "{FD3E4480-8543-40E9-A989-B7BA93B6C15C}"
EndProject
Project("{9A19103F-16F7-4668-BE54-9A1E7A4F7556}") = "Zoo.CaptchaCore", "src\Zoo.CaptchaCore\Zoo.CaptchaCore.csproj", "{150DC99C-65DD-409D-813B-E604E812DF02}"
EndProject
Project("{9A19103F-16F7-4668-BE54-9A1E7A4F7556}") = "Zoo.Captcha.Web", "src\Zoo.Captcha.Web\Zoo.Captcha.Web.csproj", "{EE370333-204E-4DC5-A048-A4D21DA62D85}"
EndProject
Global
	GlobalSection(SolutionConfigurationPlatforms) = preSolution
		Debug|Any CPU = Debug|Any CPU
		Release|Any CPU = Release|Any CPU
	EndGlobalSection
	GlobalSection(ProjectConfigurationPlatforms) = postSolution
		{150DC99C-65DD-409D-813B-E604E812DF02}.Debug|Any CPU.ActiveCfg = Debug|Any CPU
		{150DC99C-65DD-409D-813B-E604E812DF02}.Debug|Any CPU.Build.0 = Debug|Any CPU
		{150DC99C-65DD-409D-813B-E604E812DF02}.Release|Any CPU.ActiveCfg = Release|Any CPU
		{150DC99C-65DD-409D-813B-E604E812DF02}.Release|Any CPU.Build.0 = Release|Any CPU
		{EE370333-204E-4DC5-A048-A4D21DA62D85}.Debug|Any CPU.ActiveCfg = Debug|Any CPU
		{EE370333-204E-4DC5-A048-A4D21DA62D85}.Debug|Any CPU.Build.0 = Debug|Any CPU
		{EE370333-204E-4DC5-A048-A4D21DA62D85}.Release|Any CPU.ActiveCfg = Release|Any CPU
		{EE370333-204E-4DC5-A048-A4D21DA62D85}.Release|Any CPU.Build.0 = Release|Any CPU
	EndGlobalSection
	GlobalSection(SolutionProperties) = preSolution
		HideSolutionNode = FALSE
	EndGlobalSection
	GlobalSection(NestedProjects) = preSolution
		{150DC99C-65DD-409D-813B-E604E812DF02} = {FD3E4480-8543-40E9-A989-B7BA93B6C15C}
		{EE370333-204E-4DC5-A048-A4D21DA62D85} = {FD3E4480-8543-40E9-A989-B7BA93B6C15C}
	EndGlobalSection
	GlobalSection(ExtensibilityGlobals) = postSolution
		SolutionGuid = {4ACBE380-4C65-4936-B44C-1CBBF6B72CB2}
	EndGlobalSection
EndGlobal
